
Microsoft Visual Studio Solution File, Format Version 12.00
# Visual Studio Version 16
VisualStudioVersion = 16.0.29215.179
MinimumVisualStudioVersion = 10.0.40219.1
Project("{FAE04EC0-301F-11D3-BF4B-00C04F79EFBC}") = "TrueCoders", "TrueCoders\TrueCoders.csproj", "{25551678-3A73-4B4A-8087-367E4CE1E26E}"
EndProject
Global
	GlobalSection(SolutionConfigurationPlatforms) = preSolution
		Debug|Any CPU = Debug|Any CPU
		Release|Any CPU = Release|Any CPU
	EndGlobalSection
	GlobalSection(ProjectConfigurationPlatforms) = postSolution
		{25551678-3A73-4B4A-8087-367E4CE1E26E}.Debug|Any CPU.ActiveCfg = Debug|Any CPU
		{25551678-3A73-4B4A-8087-367E4CE1E26E}.Debug|Any CPU.Build.0 = Debug|Any CPU
		{25551678-3A73-4B4A-8087-367E4CE1E26E}.Release|Any CPU.ActiveCfg = Release|Any CPU
		{25551678-3A73-4B4A-8087-367E4CE1E26E}.Release|Any CPU.Build.0 = Release|Any CPU
	EndGlobalSection
	GlobalSection(SolutionProperties) = preSolution
		HideSolutionNode = FALSE
	EndGlobalSection
	GlobalSection(ExtensibilityGlobals) = postSolution
		SolutionGuid = {27116657-61F1-4617-9E49-FED46C86664E}
	EndGlobalSection
EndGlobal
